
Microsoft Visual Studio Solution File, Format Version 12.00
Project("{FAE04EC0-301F-11D3-BF4B-00C04F79EFBC}") = "Domain", "Domain\Domain.csproj", "{BD74010F-9971-476C-93C7-FC8394BA993B}"
EndProject
Project("{FAE04EC0-301F-11D3-BF4B-00C04F79EFBC}") = "WebApi", "WebApi\WebApi.csproj", "{004A3DF4-D45A-4C47-8124-6FDC59C47A1B}"
EndProject
Project("{FAE04EC0-301F-11D3-BF4B-00C04F79EFBC}") = "Application", "Application\Application.csproj", "{84134AC3-3200-4515-99B3-0E8FF24EA58D}"
EndProject
Project("{FAE04EC0-301F-11D3-BF4B-00C04F79EFBC}") = "FileData", "FileData\FileData.csproj", "{9AB361F5-9F8C-4F59-8FA6-476D6AAC234A}"
EndProject
Project("{FAE04EC0-301F-11D3-BF4B-00C04F79EFBC}") = "BlazorWasm", "BlazorWasm\BlazorWasm.csproj", "{6FEFA13F-F8AD-40F2-8FC6-599904065108}"
EndProject
Project("{FAE04EC0-301F-11D3-BF4B-00C04F79EFBC}") = "HttpClients", "HttpClients\HttpClients.csproj", "{06437AE3-CFC4-4847-A97B-7E723DECCFBA}"
EndProject
Global
	GlobalSection(SolutionConfigurationPlatforms) = preSolution
		Debug|Any CPU = Debug|Any CPU
		Release|Any CPU = Release|Any CPU
	EndGlobalSection
	GlobalSection(ProjectConfigurationPlatforms) = postSolution
		{BD74010F-9971-476C-93C7-FC8394BA993B}.Debug|Any CPU.ActiveCfg = Debug|Any CPU
		{BD74010F-9971-476C-93C7-FC8394BA993B}.Debug|Any CPU.Build.0 = Debug|Any CPU
		{BD74010F-9971-476C-93C7-FC8394BA993B}.Release|Any CPU.ActiveCfg = Release|Any CPU
		{BD74010F-9971-476C-93C7-FC8394BA993B}.Release|Any CPU.Build.0 = Release|Any CPU
		{004A3DF4-D45A-4C47-8124-6FDC59C47A1B}.Debug|Any CPU.ActiveCfg = Debug|Any CPU
		{004A3DF4-D45A-4C47-8124-6FDC59C47A1B}.Debug|Any CPU.Build.0 = Debug|Any CPU
		{004A3DF4-D45A-4C47-8124-6FDC59C47A1B}.Release|Any CPU.ActiveCfg = Release|Any CPU
		{004A3DF4-D45A-4C47-8124-6FDC59C47A1B}.Release|Any CPU.Build.0 = Release|Any CPU
		{84134AC3-3200-4515-99B3-0E8FF24EA58D}.Debug|Any CPU.ActiveCfg = Debug|Any CPU
		{84134AC3-3200-4515-99B3-0E8FF24EA58D}.Debug|Any CPU.Build.0 = Debug|Any CPU
		{84134AC3-3200-4515-99B3-0E8FF24EA58D}.Release|Any CPU.ActiveCfg = Release|Any CPU
		{84134AC3-3200-4515-99B3-0E8FF24EA58D}.Release|Any CPU.Build.0 = Release|Any CPU
		{9AB361F5-9F8C-4F59-8FA6-476D6AAC234A}.Debug|Any CPU.ActiveCfg = Debug|Any CPU
		{9AB361F5-9F8C-4F59-8FA6-476D6AAC234A}.Debug|Any CPU.Build.0 = Debug|Any CPU
		{9AB361F5-9F8C-4F59-8FA6-476D6AAC234A}.Release|Any CPU.ActiveCfg = Release|Any CPU
		{9AB361F5-9F8C-4F59-8FA6-476D6AAC234A}.Release|Any CPU.Build.0 = Release|Any CPU
		{6FEFA13F-F8AD-40F2-8FC6-599904065108}.Debug|Any CPU.ActiveCfg = Debug|Any CPU
		{6FEFA13F-F8AD-40F2-8FC6-599904065108}.Debug|Any CPU.Build.0 = Debug|Any CPU
		{6FEFA13F-F8AD-40F2-8FC6-599904065108}.Release|Any CPU.ActiveCfg = Release|Any CPU
		{6FEFA13F-F8AD-40F2-8FC6-599904065108}.Release|Any CPU.Build.0 = Release|Any CPU
		{06437AE3-CFC4-4847-A97B-7E723DECCFBA}.Debug|Any CPU.ActiveCfg = Debug|Any CPU
		{06437AE3-CFC4-4847-A97B-7E723DECCFBA}.Debug|Any CPU.Build.0 = Debug|Any CPU
		{06437AE3-CFC4-4847-A97B-7E723DECCFBA}.Release|Any CPU.ActiveCfg = Release|Any CPU
		{06437AE3-CFC4-4847-A97B-7E723DECCFBA}.Release|Any CPU.Build.0 = Release|Any CPU
	EndGlobalSection
EndGlobal
